Microsoft Visual Studio Solution File, Format Version 9.00
# Visual Studio 2005
Project("{8BC9CEB8-8B4A-11D0-8D11-00A0C91BC942}") = "ClassLib", "ClassLib.vcproj", "{9CE3A611-031B-44F8-88A0-804ECC089278}"
EndProject
Global
	GlobalSection(SolutionConfigurationPlatforms) = preSolution
		Debug Multithread Unicode|Win32 = Debug Multithread Unicode|Win32
		Debug Multithread|Win32 = Debug Multithread|Win32
		Debug Unicode|Win32 = Debug Unicode|Win32
		Debug|Win32 = Debug|Win32
		Release Multithread Unicode|Win32 = Release Multithread Unicode|Win32
		Release Multithread|Win32 = Release Multithread|Win32
		Release Unicode|Win32 = Release Unicode|Win32
		Release|Win32 = Release|Win32
	EndGlobalSection
	GlobalSection(ProjectConfigurationPlatforms) = postSolution
		{9CE3A611-031B-44F8-88A0-804ECC089278}.Debug Multithread Unicode|Win32.ActiveCfg = Debug Multithread Unicode|Win32
		{9CE3A611-031B-44F8-88A0-804ECC089278}.Debug Multithread Unicode|Win32.Build.0 = Debug Multithread Unicode|Win32
		{9CE3A611-031B-44F8-88A0-804ECC089278}.Debug Multithread|Win32.ActiveCfg = Debug Multithread|Win32
		{9CE3A611-031B-44F8-88A0-804ECC089278}.Debug Multithread|Win32.Build.0 = Debug Multithread|Win32
		{9CE3A611-031B-44F8-88A0-804ECC089278}.Debug Unicode|Win32.ActiveCfg = Debug Unicode|Win32
		{9CE3A611-031B-44F8-88A0-804ECC089278}.Debug Unicode|Win32.Build.0 = Debug Unicode|Win32
		{9CE3A611-031B-44F8-88A0-804ECC089278}.Debug|Win32.ActiveCfg = Debug|Win32
		{9CE3A611-031B-44F8-88A0-804ECC089278}.Debug|Win32.Build.0 = Debug|Win32
		{9CE3A611-031B-44F8-88A0-804ECC089278}.Release Multithread Unicode|Win32.ActiveCfg = Release Multithread Unicode|Win32
		{9CE3A611-031B-44F8-88A0-804ECC089278}.Release Multithread Unicode|Win32.Build.0 = Release Multithread Unicode|Win32
		{9CE3A611-031B-44F8-88A0-804ECC089278}.Release Multithread|Win32.ActiveCfg = Release Multithread|Win32
		{9CE3A611-031B-44F8-88A0-804ECC089278}.Release Multithread|Win32.Build.0 = Release Multithread|Win32
		{9CE3A611-031B-44F8-88A0-804ECC089278}.Release Unicode|Win32.ActiveCfg = Release Unicode|Win32
		{9CE3A611-031B-44F8-88A0-804ECC089278}.Release Unicode|Win32.Build.0 = Release Unicode|Win32
		{9CE3A611-031B-44F8-88A0-804ECC089278}.Release|Win32.ActiveCfg = Release|Win32
		{9CE3A611-031B-44F8-88A0-804ECC089278}.Release|Win32.Build.0 = Release|Win32
	EndGlobalSection
	GlobalSection(SolutionProperties) = preSolution
		HideSolutionNode = FALSE
	EndGlobalSection
EndGlobal
